
Microsoft Visual Studio Solution File, Format Version 12.00
# Visual Studio Version 17
VisualStudioVersion = 17.13.35818.85 d17.13
MinimumVisualStudioVersion = 10.0.40219.1
Project("{FAE04EC0-301F-11D3-BF4B-00C04F79EFBC}") = "BlogAPI", "BlogAPI.csproj", "{3EF7406A-C4A8-4413-9D75-EA3363AF6B0A}"
EndProject
Global
	GlobalSection(SolutionConfigurationPlatforms) = preSolution
		Debug|Any CPU = Debug|Any CPU
		Release|Any CPU = Release|Any CPU
	EndGlobalSection
	GlobalSection(ProjectConfigurationPlatforms) = postSolution
		{3EF7406A-C4A8-4413-9D75-EA3363AF6B0A}.Debug|Any CPU.ActiveCfg = Debug|Any CPU
		{3EF7406A-C4A8-4413-9D75-EA3363AF6B0A}.Debug|Any CPU.Build.0 = Debug|Any CPU
		{3EF7406A-C4A8-4413-9D75-EA3363AF6B0A}.Release|Any CPU.ActiveCfg = Release|Any CPU
		{3EF7406A-C4A8-4413-9D75-EA3363AF6B0A}.Release|Any CPU.Build.0 = Release|Any CPU
	EndGlobalSection
	GlobalSection(SolutionProperties) = preSolution
		HideSolutionNode = FALSE
	EndGlobalSection
	GlobalSection(ExtensibilityGlobals) = postSolution
		SolutionGuid = {F9E17DB9-D500-4929-A3D1-0717E3C4F503}
	EndGlobalSection
EndGlobal
